lockfile_version: '1'
generated_at: '2026-06-19T09:39:13.286543+00:00'
apm_version: 0.15.0
dependencies:
- repo_url: anthropics/skills
  host: github.com
  resolved_commit: 57546260929473d4e0d1c1bb75297be2fdfa1949
  package_type: marketplace_plugin
  deployed_files:
  - .agents/skills/skill-creator
  content_hash: sha256:4f6d306e750b5b4f3b0dfc0f50418fa8403b3fc99867d5c2f7c170eccf94203b
  skill_subset:
  - skill-creator
- repo_url: github/awesome-copilot
  host: github.com
  resolved_commit: 251f416b6d3aa12837b10536e6f9bdd67f482ff7
  package_type: skill_bundle
  deployed_files:
  - .agents/skills/create-agentsmd
  content_hash: sha256:199df9f03c8cbfea1265ebd46d03646cc4f44f96245fe1c8dcd5c4a5e250f519
  skill_subset:
  - create-agentsmd
